{
  "requires": true,
  "lockfileVersion": 1,
  "dependencies": {
    "bintrees": {
      "version": "1.0.1",
      "resolved": "https://registry.npmjs.org/bintrees/-/bintrees-1.0.1.tgz",
      "integrity": "sha1-DmVcm5wkNeqraL9AJyJtK1WjRSQ="
    },
    "clone-regexp": {
      "version": "3.0.0",
      "resolved": "https://registry.npmjs.org/clone-regexp/-/clone-regexp-3.0.0.tgz",
      "integrity": "sha512-ujdnoq2Kxb8s3ItNBtnYeXdm07FcU0u8ARAT1lQ2YdMwQC+cdiXX8KoqMVuglztILivceTtp4ivqGSmEmhBUJw==",
      "requires": {
        "is-regexp": "^3.0.0"
      }
    },
    "convert-hrtime": {
      "version": "5.0.0",
      "resolved": "https://registry.npmjs.org/convert-hrtime/-/convert-hrtime-5.0.0.tgz",
      "integrity": "sha512-lOETlkIeYSJWcbbcvjRKGxVMXJR+8+OQb/mTPbA4ObPMytYIsUbuOE0Jzy60hjARYszq1id0j8KgVhC+WGZVTg=="
    },
    "function-timeout": {
      "version": "0.1.1",
      "resolved": "https://registry.npmjs.org/function-timeout/-/function-timeout-0.1.1.tgz",
      "integrity": "sha512-0NVVC0TaP7dSTvn1yMiy6d6Q8gifzbvQafO46RtLG/kHJUBNd+pVRGOBoK44wNBvtSPUJRfdVvkFdD3p0xvyZg=="
    },
    "ip-regex": {
      "version": "5.0.0",
      "resolved": "https://registry.npmjs.org/ip-regex/-/ip-regex-5.0.0.tgz",
      "integrity": "sha512-fOCG6lhoKKakwv+C6KdsOnGvgXnmgfmp0myi3bcNwj3qfwPAxRKWEuFhvEFF7ceYIz6+1jRZ+yguLFAmUNPEfw=="
    },
    "is-ip": {
      "version": "5.0.0",
      "resolved": "https://registry.npmjs.org/is-ip/-/is-ip-5.0.0.tgz",
      "integrity": "sha512-uhmKwcdWJ1nTmBdoBxdHilfJs4qdLBIvVHKRels2+UCZmfcfefuQWziadaYLpN7t/bUrJOjJHv+R1di1q7Q1HQ==",
      "requires": {
        "ip-regex": "^5.0.0",
        "super-regex": "^0.2.0"
      }
    },
    "is-regexp": {
      "version": "3.1.0",
      "resolved": "https://registry.npmjs.org/is-regexp/-/is-regexp-3.1.0.tgz",
      "integrity": "sha512-rbku49cWloU5bSMI+zaRaXdQHXnthP6DZ/vLnfdSKyL4zUzuWnomtOEiZZOd+ioQ+avFo/qau3KPTc7Fjy1uPA=="
    },
    "prom-client": {
      "version": "14.0.0",
      "resolved": "https://registry.npmjs.org/prom-client/-/prom-client-14.0.0.tgz",
      "integrity": "sha512-etPa4SMO4j6qTn2uaSZy7+uahGK0kXUZwO7WhoDpTf3yZ837I3jqUDYmG6N0caxuU6cyqrg0xmOxh+yneczvyA==",
      "requires": {
        "tdigest": "^0.1.1"
      }
    },
    "super-regex": {
      "version": "0.2.0",
      "resolved": "https://registry.npmjs.org/super-regex/-/super-regex-0.2.0.tgz",
      "integrity": "sha512-WZzIx3rC1CvbMDloLsVw0lkZVKJWbrkJ0k1ghKFmcnPrW1+jWbgTkTEWVtD9lMdmI4jZEz40+naBxl1dCUhXXw==",
      "requires": {
        "clone-regexp": "^3.0.0",
        "function-timeout": "^0.1.0",
        "time-span": "^5.1.0"
      }
    },
    "tdigest": {
      "version": "0.1.1",
      "resolved": "https://registry.npmjs.org/tdigest/-/tdigest-0.1.1.tgz",
      "integrity": "sha1-Ljyyw56kSeVdHmzZEReszKRYgCE=",
      "requires": {
        "bintrees": "1.0.1"
      }
    },
    "time-span": {
      "version": "5.1.0",
      "resolved": "https://registry.npmjs.org/time-span/-/time-span-5.1.0.tgz",
      "integrity": "sha512-75voc/9G4rDIJleOo4jPvN4/YC4GRZrY8yy1uU4lwrB3XEQbWve8zXoO5No4eFrGcTAMYyoY67p8jRQdtA1HbA==",
      "requires": {
        "convert-hrtime": "^5.0.0"
      }
    },
    "yaml": {
      "version": "1.10.2",
      "resolved": "https://registry.npmjs.org/yaml/-/yaml-1.10.2.tgz",
      "integrity": "sha512-r3vXyErRCYJ7wg28yvBY5VSoAF8ZvlcW9/BwUzEtUsjvX/DKs24dIkuwjtuprwJJHsbyUbLApepYTR1BN4uHrg=="
    }
  }
}
