{
  "requires": true,
  "lockfileVersion": 1,
  "dependencies": {
    "bintrees": {
      "version": "1.0.1",
      "resolved": "https://registry.npmjs.org/bintrees/-/bintrees-1.0.1.tgz",
      "integrity": "sha1-DmVcm5wkNeqraL9AJyJtK1WjRSQ="
    },
    "ip-regex": {
      "version": "4.1.0",
      "resolved": "https://registry.npmjs.org/ip-regex/-/ip-regex-4.1.0.tgz",
      "integrity": "sha512-pKnZpbgCTfH/1NLIlOduP/V+WRXzC2MOz3Qo8xmxk8C5GudJLgK5QyLVXOSWy3ParAH7Eemurl3xjv/WXYFvMA=="
    },
    "is-ip": {
      "version": "3.1.0",
      "resolved": "https://registry.npmjs.org/is-ip/-/is-ip-3.1.0.tgz",
      "integrity": "sha512-35vd5necO7IitFPjd/YBeqwWnyDWbuLH9ZXQdMfDA8TEo7pv5X8yfrvVO3xbJbLUlERCMvf6X0hTUamQxCYJ9Q==",
      "requires": {
        "ip-regex": "4.1.0"
      }
    },
    "prom-client": {
      "version": "13.2.0",
      "resolved": "https://registry.npmjs.org/prom-client/-/prom-client-13.2.0.tgz",
      "integrity": "sha512-wGr5mlNNdRNzEhRYXgboUU2LxHWIojxscJKmtG3R8f4/KiWqyYgXTLHs0+Ted7tG3zFT7pgHJbtomzZ1L0ARaQ==",
      "requires": {
        "tdigest": "^0.1.1"
      }
    },
    "tdigest": {
      "version": "0.1.1",
      "resolved": "https://registry.npmjs.org/tdigest/-/tdigest-0.1.1.tgz",
      "integrity": "sha1-Ljyyw56kSeVdHmzZEReszKRYgCE=",
      "requires": {
        "bintrees": "1.0.1"
      }
    },
    "yaml": {
      "version": "1.10.2",
      "resolved": "https://registry.npmjs.org/yaml/-/yaml-1.10.2.tgz",
      "integrity": "sha512-r3vXyErRCYJ7wg28yvBY5VSoAF8ZvlcW9/BwUzEtUsjvX/DKs24dIkuwjtuprwJJHsbyUbLApepYTR1BN4uHrg=="
    }
  }
}
